{
  "pins" : [
    {
      "identity" : "kcnetwork",
      "kind" : "remoteSourceControl",
      "location" : "https://github.com/hrayatnia/KCNetwork",
      "state" : {
        "revision" : "5b4e6688d27cdc36abdd7e3dd2a77a98b66704a6",
        "version" : "1.0.2"
      }
    },
    {
      "identity" : "kctestutil",
      "kind" : "remoteSourceControl",
      "location" : "https://github.com/hrayatnia/KCTestUtil",
      "state" : {
        "revision" : "1714bb6a3d01e9a8af2d3ad71d586e37234ed1be",
        "version" : "1.0.2"
      }
    },
    {
      "identity" : "kweatherservice",
      "kind" : "remoteSourceControl",
      "location" : "https://github.com/hrayatnia/KWeatherService",
      "state" : {
        "revision" : "e51a29968cffd1ada7df46dd03ec6a07ed8f02a2",
        "version" : "1.0.0"
      }
    }
  ],
  "version" : 2
}
