{
  "pins" : [
    {
      "identity" : "kcnetwork",
      "kind" : "remoteSourceControl",
      "location" : "https://github.com/hrayatnia/KCNetwork",
      "state" : {
        "revision" : "5b4e6688d27cdc36abdd7e3dd2a77a98b66704a6",
        "version" : "1.0.2"
      }
    },
    {
      "identity" : "kctestutil",
      "kind" : "remoteSourceControl",
      "location" : "https://github.com/hrayatnia/KCTestUtil",
      "state" : {
        "revision" : "1714bb6a3d01e9a8af2d3ad71d586e37234ed1be",
        "version" : "1.0.2"
      }
    },
    {
      "identity" : "kdesignsystem",
      "kind" : "remoteSourceControl",
      "location" : "https://github.com/hrayatnia/KDesignSystem",
      "state" : {
        "revision" : "3bcdc0e5b6adb76d7895dd5672df036d3a58e15e",
        "version" : "0.0.8"
      }
    },
    {
      "identity" : "kweatherservice",
      "kind" : "remoteSourceControl",
      "location" : "https://github.com/hrayatnia/KWeatherService",
      "state" : {
        "revision" : "0a8d3f23858a0977cb20ba7901dd6468ba6c724f",
        "version" : "1.0.6"
      }
    },
    {
      "identity" : "netshears",
      "kind" : "remoteSourceControl",
      "location" : "https://github.com/divar-ir/NetShears.git",
      "state" : {
        "revision" : "e850e9fbf27ecae50f3d741ba6e3729759a45c80",
        "version" : "3.4.1"
      }
    },
    {
      "identity" : "stinsen",
      "kind" : "remoteSourceControl",
      "location" : "https://github.com/rundfunk47/stinsen.git",
      "state" : {
        "revision" : "91ddedb7d86c7d3aa2d0dd281f1113ebae256324",
        "version" : "2.0.13"
      }
    }
  ],
  "version" : 2
}
