// !$*UTF8*$!
{
	archiveVersion = 1;
	classes = {
	};
	objectVersion = 55;
	objects = {

/* Begin PBXBuildFile section */
		5805FF9E29354C2B00E85A01 /* SettingUseCase.swift in Sources */ = {isa = PBXBuildFile; fileRef = 5805FF9D29354C2B00E85A01 /* SettingUseCase.swift */; };
		5805FFA129354C4F00E85A01 /* Theme.swift in Sources */ = {isa = PBXBuildFile; fileRef = 5805FFA029354C4F00E85A01 /* Theme.swift */; };
		5805FFA429354C7E00E85A01 /* AppSetting.swift in Sources */ = {isa = PBXBuildFile; fileRef = 5805FFA329354C7E00E85A01 /* AppSetting.swift */; };
		5805FFA629354C9900E85A01 /* BundleInfo.swift in Sources */ = {isa = PBXBuildFile; fileRef = 5805FFA529354C9900E85A01 /* BundleInfo.swift */; };
		5805FFA8293554EF00E85A01 /* AppCoordinatorInterface.swift in Sources */ = {isa = PBXBuildFile; fileRef = 5805FFA7293554EF00E85A01 /* AppCoordinatorInterface.swift */; };
		585BCC6D2933958700C70007 /* NetShears in Frameworks */ = {isa = PBXBuildFile; productRef = 585BCC6C2933958700C70007 /* NetShears */; };
		585BCC7829339A6400C70007 /* Convertable.swift in Sources */ = {isa = PBXBuildFile; fileRef = 585BCC7729339A6400C70007 /* Convertable.swift */; };
		585BCC7D2933DE0B00C70007 /* Interactor.swift in Sources */ = {isa = PBXBuildFile; fileRef = 585BCC7C2933DE0B00C70007 /* Interactor.swift */; };
		585BCC7F2933DE1500C70007 /* ViewModel.swift in Sources */ = {isa = PBXBuildFile; fileRef = 585BCC7E2933DE1500C70007 /* ViewModel.swift */; };
		585BCC812933DE2100C70007 /* ViewProtocol.swift in Sources */ = {isa = PBXBuildFile; fileRef = 585BCC802933DE2100C70007 /* ViewProtocol.swift */; };
		585BCC8A2933E4CF00C70007 /* Stinsen in Frameworks */ = {isa = PBXBuildFile; productRef = 585BCC892933E4CF00C70007 /* Stinsen */; };
		585BCC8E2933E8A400C70007 /* AppCoordinator.swift in Sources */ = {isa = PBXBuildFile; fileRef = 585BCC8D2933E8A400C70007 /* AppCoordinator.swift */; };
		5866CBF42930EBE6001785BE /* VareshApp.swift in Sources */ = {isa = PBXBuildFile; fileRef = 5866CBF32930EBE6001785BE /* VareshApp.swift */; };
		5866CBF82930EBE8001785BE /* Assets.xcassets in Resources */ = {isa = PBXBuildFile; fileRef = 5866CBF72930EBE8001785BE /* Assets.xcassets */; };
		5866CBFB2930EBE8001785BE /* Preview Assets.xcassets in Resources */ = {isa = PBXBuildFile; fileRef = 5866CBFA2930EBE8001785BE /* Preview Assets.xcassets */; };
		5866CC052930EBE8001785BE /* VareshTests.swift in Sources */ = {isa = PBXBuildFile; fileRef = 5866CC042930EBE8001785BE /* VareshTests.swift */; };
		5866CC0F2930EBE8001785BE /* VareshUITests.swift in Sources */ = {isa = PBXBuildFile; fileRef = 5866CC0E2930EBE8001785BE /* VareshUITests.swift */; };
		5866CC112930EBE8001785BE /* VareshUITestsLaunchTests.swift in Sources */ = {isa = PBXBuildFile; fileRef = 5866CC102930EBE8001785BE /* VareshUITestsLaunchTests.swift */; };
		587EEAE7293431B200064FAA /* HomeView.swift in Sources */ = {isa = PBXBuildFile; fileRef = 587EEAE6293431B200064FAA /* HomeView.swift */; };
		587EEAE9293431BD00064FAA /* HomeViewModel.swift in Sources */ = {isa = PBXBuildFile; fileRef = 587EEAE8293431BD00064FAA /* HomeViewModel.swift */; };
		5886004C29338B2300354AD8 /* KWeatherService in Frameworks */ = {isa = PBXBuildFile; productRef = 5886004B29338B2300354AD8 /* KWeatherService */; };
		5886004F29338B5200354AD8 /* KCTestUtil in Frameworks */ = {isa = PBXBuildFile; productRef = 5886004E29338B5200354AD8 /* KCTestUtil */; };
		588A733129350A9500707BDD /* KDesignSystem in Frameworks */ = {isa = PBXBuildFile; productRef = 588A733029350A9500707BDD /* KDesignSystem */; };
		588A733429350ACA00707BDD /* CityWeatherRow.swift in Sources */ = {isa = PBXBuildFile; fileRef = 588A733329350AC900707BDD /* CityWeatherRow.swift */; };
		588A7336293536EF00707BDD /* CityWeatherRowViewModel.swift in Sources */ = {isa = PBXBuildFile; fileRef = 588A7335293536EF00707BDD /* CityWeatherRowViewModel.swift */; };
		588A733A2935424B00707BDD /* SearchBar.swift in Sources */ = {isa = PBXBuildFile; fileRef = 588A73392935424B00707BDD /* SearchBar.swift */; };
		588A733D29354B0900707BDD /* SettingView.swift in Sources */ = {isa = PBXBuildFile; fileRef = 588A733C29354B0900707BDD /* SettingView.swift */; };
		588A733F29354B1B00707BDD /* SettingViewModel.swift in Sources */ = {isa = PBXBuildFile; fileRef = 588A733E29354B1B00707BDD /* SettingViewModel.swift */; };
		58F1EC172935684D0049B182 /* HomePageCoordinator.swift in Sources */ = {isa = PBXBuildFile; fileRef = 58F1EC162935684D0049B182 /* HomePageCoordinator.swift */; };
/* End PBXBuildFile section */

/* Begin PBXContainerItemProxy section */
		5866CC012930EBE8001785BE /* PBXContainerItemProxy */ = {
			isa = PBXContainerItemProxy;
			containerPortal = 5866CBE82930EBE6001785BE /* Project object */;
			proxyType = 1;
			remoteGlobalIDString = 5866CBEF2930EBE6001785BE;
			remoteInfo = Varesh;
		};
		5866CC0B2930EBE8001785BE /* PBXContainerItemProxy */ = {
			isa = PBXContainerItemProxy;
			containerPortal = 5866CBE82930EBE6001785BE /* Project object */;
			proxyType = 1;
			remoteGlobalIDString = 5866CBEF2930EBE6001785BE;
			remoteInfo = Varesh;
		};
/* End PBXContainerItemProxy section */

/* Begin PBXFileReference section */
		5805FF9D29354C2B00E85A01 /* SettingUseCase.swift */ = {isa = PBXFileReference; lastKnownFileType = sourcecode.swift; path = SettingUseCase.swift; sourceTree = "<group>"; };
		5805FFA029354C4F00E85A01 /* Theme.swift */ = {isa = PBXFileReference; lastKnownFileType = sourcecode.swift; path = Theme.swift; sourceTree = "<group>"; };
		5805FFA329354C7E00E85A01 /* AppSetting.swift */ = {isa = PBXFileReference; lastKnownFileType = sourcecode.swift; path = AppSetting.swift; sourceTree = "<group>"; };
		5805FFA529354C9900E85A01 /* BundleInfo.swift */ = {isa = PBXFileReference; lastKnownFileType = sourcecode.swift; path = BundleInfo.swift; sourceTree = "<group>"; };
		5805FFA7293554EF00E85A01 /* AppCoordinatorInterface.swift */ = {isa = PBXFileReference; lastKnownFileType = sourcecode.swift; path = AppCoordinatorInterface.swift; sourceTree = "<group>"; };
		585BCC6E293395AA00C70007 /* Info.plist */ = {isa = PBXFileReference; lastKnownFileType = text.plist; path = Info.plist; sourceTree = "<group>"; };
		585BCC7729339A6400C70007 /* Convertable.swift */ = {isa = PBXFileReference; lastKnownFileType = sourcecode.swift; path = Convertable.swift; sourceTree = "<group>"; };
		585BCC7C2933DE0B00C70007 /* Interactor.swift */ = {isa = PBXFileReference; lastKnownFileType = sourcecode.swift; path = Interactor.swift; sourceTree = "<group>"; };
		585BCC7E2933DE1500C70007 /* ViewModel.swift */ = {isa = PBXFileReference; lastKnownFileType = sourcecode.swift; path = ViewModel.swift; sourceTree = "<group>"; };
		585BCC802933DE2100C70007 /* ViewProtocol.swift */ = {isa = PBXFileReference; lastKnownFileType = sourcecode.swift; path = ViewProtocol.swift; sourceTree = "<group>"; };
		585BCC8D2933E8A400C70007 /* AppCoordinator.swift */ = {isa = PBXFileReference; lastKnownFileType = sourcecode.swift; path = AppCoordinator.swift; sourceTree = "<group>"; };
		5866CBF02930EBE6001785BE /* Varesh.app */ = {isa = PBXFileReference; explicitFileType = wrapper.application; includeInIndex = 0; path = Varesh.app; sourceTree = BUILT_PRODUCTS_DIR; };
		5866CBF32930EBE6001785BE /* VareshApp.swift */ = {isa = PBXFileReference; lastKnownFileType = sourcecode.swift; path = VareshApp.swift; sourceTree = "<group>"; };
		5866CBF72930EBE8001785BE /* Assets.xcassets */ = {isa = PBXFileReference; lastKnownFileType = folder.assetcatalog; path = Assets.xcassets; sourceTree = "<group>"; };
		5866CBFA2930EBE8001785BE /* Preview Assets.xcassets */ = {isa = PBXFileReference; lastKnownFileType = folder.assetcatalog; path = "Preview Assets.xcassets"; sourceTree = "<group>"; };
		5866CC002930EBE8001785BE /* VareshTests.xctest */ = {isa = PBXFileReference; explicitFileType = wrapper.cfbundle; includeInIndex = 0; path = VareshTests.xctest; sourceTree = BUILT_PRODUCTS_DIR; };
		5866CC042930EBE8001785BE /* VareshTests.swift */ = {isa = PBXFileReference; lastKnownFileType = sourcecode.swift; path = VareshTests.swift; sourceTree = "<group>"; };
		5866CC0A2930EBE8001785BE /* VareshUITests.xctest */ = {isa = PBXFileReference; explicitFileType = wrapper.cfbundle; includeInIndex = 0; path = VareshUITests.xctest; sourceTree = BUILT_PRODUCTS_DIR; };
		5866CC0E2930EBE8001785BE /* VareshUITests.swift */ = {isa = PBXFileReference; lastKnownFileType = sourcecode.swift; path = VareshUITests.swift; sourceTree = "<group>"; };
		5866CC102930EBE8001785BE /* VareshUITestsLaunchTests.swift */ = {isa = PBXFileReference; lastKnownFileType = sourcecode.swift; path = VareshUITestsLaunchTests.swift; sourceTree = "<group>"; };
		587EEAE6293431B200064FAA /* HomeView.swift */ = {isa = PBXFileReference; lastKnownFileType = sourcecode.swift; path = HomeView.swift; sourceTree = "<group>"; };
		587EEAE8293431BD00064FAA /* HomeViewModel.swift */ = {isa = PBXFileReference; lastKnownFileType = sourcecode.swift; path = HomeViewModel.swift; sourceTree = "<group>"; };
		588A733329350AC900707BDD /* CityWeatherRow.swift */ = {isa = PBXFileReference; lastKnownFileType = sourcecode.swift; path = CityWeatherRow.swift; sourceTree = "<group>"; };
		588A7335293536EF00707BDD /* CityWeatherRowViewModel.swift */ = {isa = PBXFileReference; lastKnownFileType = sourcecode.swift; path = CityWeatherRowViewModel.swift; sourceTree = "<group>"; };
		588A73392935424B00707BDD /* SearchBar.swift */ = {isa = PBXFileReference; lastKnownFileType = sourcecode.swift; path = SearchBar.swift; sourceTree = "<group>"; };
		588A733C29354B0900707BDD /* SettingView.swift */ = {isa = PBXFileReference; lastKnownFileType = sourcecode.swift; path = SettingView.swift; sourceTree = "<group>"; };
		588A733E29354B1B00707BDD /* SettingViewModel.swift */ = {isa = PBXFileReference; lastKnownFileType = sourcecode.swift; path = SettingViewModel.swift; sourceTree = "<group>"; };
		58F1EC162935684D0049B182 /* HomePageCoordinator.swift */ = {isa = PBXFileReference; lastKnownFileType = sourcecode.swift; path = HomePageCoordinator.swift; sourceTree = "<group>"; };
/* End PBXFileReference section */

/* Begin PBXFrameworksBuildPhase section */
		5866CBED2930EBE6001785BE /* Frameworks */ = {
			isa = PBXFrameworksBuildPhase;
			buildActionMask = 2147483647;
			files = (
				585BCC8A2933E4CF00C70007 /* Stinsen in Frameworks */,
				585BCC6D2933958700C70007 /* NetShears in Frameworks */,
				5886004C29338B2300354AD8 /* KWeatherService in Frameworks */,
				588A733129350A9500707BDD /* KDesignSystem in Frameworks */,
			);
			runOnlyForDeploymentPostprocessing = 0;
		};
		5866CBFD2930EBE8001785BE /* Frameworks */ = {
			isa = PBXFrameworksBuildPhase;
			buildActionMask = 2147483647;
			files = (
				5886004F29338B5200354AD8 /* KCTestUtil in Frameworks */,
			);
			runOnlyForDeploymentPostprocessing = 0;
		};
		5866CC072930EBE8001785BE /* Frameworks */ = {
			isa = PBXFrameworksBuildPhase;
			buildActionMask = 2147483647;
			files = (
			);
			runOnlyForDeploymentPostprocessing = 0;
		};
/* End PBXFrameworksBuildPhase section */

/* Begin PBXGroup section */
		5805FF9C29354C0A00E85A01 /* Setting */ = {
			isa = PBXGroup;
			children = (
				5805FF9D29354C2B00E85A01 /* SettingUseCase.swift */,
			);
			path = Setting;
			sourceTree = "<group>";
		};
		5805FF9F29354C4200E85A01 /* Theme */ = {
			isa = PBXGroup;
			children = (
				5805FFA029354C4F00E85A01 /* Theme.swift */,
			);
			path = Theme;
			sourceTree = "<group>";
		};
		5805FFA229354C6800E85A01 /* AppSetting */ = {
			isa = PBXGroup;
			children = (
				5805FFA329354C7E00E85A01 /* AppSetting.swift */,
				5805FFA529354C9900E85A01 /* BundleInfo.swift */,
			);
			path = AppSetting;
			sourceTree = "<group>";
		};
		585BCC702933966900C70007 /* General */ = {
			isa = PBXGroup;
			children = (
				5805FFA229354C6800E85A01 /* AppSetting */,
				5805FF9F29354C4200E85A01 /* Theme */,
				585BCC752933990C00C70007 /* Entity Convertor */,
				585BCC73293398E500C70007 /* Interactor */,
				585BCC722933967C00C70007 /* MVVM */,
			);
			path = General;
			sourceTree = "<group>";
		};
		585BCC722933967C00C70007 /* MVVM */ = {
			isa = PBXGroup;
			children = (
				585BCC7E2933DE1500C70007 /* ViewModel.swift */,
				585BCC802933DE2100C70007 /* ViewProtocol.swift */,
			);
			path = MVVM;
			sourceTree = "<group>";
		};
		585BCC73293398E500C70007 /* Interactor */ = {
			isa = PBXGroup;
			children = (
				585BCC7C2933DE0B00C70007 /* Interactor.swift */,
			);
			path = Interactor;
			sourceTree = "<group>";
		};
		585BCC752933990C00C70007 /* Entity Convertor */ = {
			isa = PBXGroup;
			children = (
				585BCC7729339A6400C70007 /* Convertable.swift */,
			);
			path = "Entity Convertor";
			sourceTree = "<group>";
		};
		585BCC762933992600C70007 /* Root */ = {
			isa = PBXGroup;
			children = (
				5866CBF32930EBE6001785BE /* VareshApp.swift */,
			);
			path = Root;
			sourceTree = "<group>";
		};
		585BCC8B2933E82F00C70007 /* Coordinator */ = {
			isa = PBXGroup;
			children = (
				585BCC8C2933E89600C70007 /* AppCoordinator */,
			);
			path = Coordinator;
			sourceTree = "<group>";
		};
		585BCC8C2933E89600C70007 /* AppCoordinator */ = {
			isa = PBXGroup;
			children = (
				585BCC8D2933E8A400C70007 /* AppCoordinator.swift */,
				5805FFA7293554EF00E85A01 /* AppCoordinatorInterface.swift */,
			);
			path = AppCoordinator;
			sourceTree = "<group>";
		};
		5866CBE72930EBE6001785BE = {
			isa = PBXGroup;
			children = (
				5866CBF22930EBE6001785BE /* Varesh */,
				5866CC032930EBE8001785BE /* VareshTests */,
				5866CC0D2930EBE8001785BE /* VareshUITests */,
				5866CBF12930EBE6001785BE /* Products */,
			);
			sourceTree = "<group>";
		};
		5866CBF12930EBE6001785BE /* Products */ = {
			isa = PBXGroup;
			children = (
				5866CBF02930EBE6001785BE /* Varesh.app */,
				5866CC002930EBE8001785BE /* VareshTests.xctest */,
				5866CC0A2930EBE8001785BE /* VareshUITests.xctest */,
			);
			name = Products;
			sourceTree = "<group>";
		};
		5866CBF22930EBE6001785BE /* Varesh */ = {
			isa = PBXGroup;
			children = (
				585BCC702933966900C70007 /* General */,
				585BCC6E293395AA00C70007 /* Info.plist */,
				58860047293389A200354AD8 /* Entity Layer */,
				588600462933899500354AD8 /* UseCase Layer */,
				588600452933898E00354AD8 /* Presentation */,
			);
			path = Varesh;
			sourceTree = "<group>";
		};
		5866CBF92930EBE8001785BE /* Preview Content */ = {
			isa = PBXGroup;
			children = (
				5866CBFA2930EBE8001785BE /* Preview Assets.xcassets */,
			);
			path = "Preview Content";
			sourceTree = "<group>";
		};
		5866CC032930EBE8001785BE /* VareshTests */ = {
			isa = PBXGroup;
			children = (
				5866CC042930EBE8001785BE /* VareshTests.swift */,
			);
			path = VareshTests;
			sourceTree = "<group>";
		};
		5866CC0D2930EBE8001785BE /* VareshUITests */ = {
			isa = PBXGroup;
			children = (
				5866CC0E2930EBE8001785BE /* VareshUITests.swift */,
				5866CC102930EBE8001785BE /* VareshUITestsLaunchTests.swift */,
			);
			path = VareshUITests;
			sourceTree = "<group>";
		};
		587EEAE42934319E00064FAA /* Module */ = {
			isa = PBXGroup;
			children = (
				588A733B2935450300707BDD /* Setting */,
				588A73372935423000707BDD /* Search */,
				587EEAE5293431A500064FAA /* Home */,
			);
			path = Module;
			sourceTree = "<group>";
		};
		587EEAE5293431A500064FAA /* Home */ = {
			isa = PBXGroup;
			children = (
				588A733229350AA100707BDD /* Components */,
				587EEAE6293431B200064FAA /* HomeView.swift */,
				587EEAE8293431BD00064FAA /* HomeViewModel.swift */,
				58F1EC162935684D0049B182 /* HomePageCoordinator.swift */,
			);
			path = Home;
			sourceTree = "<group>";
		};
		588600452933898E00354AD8 /* Presentation */ = {
			isa = PBXGroup;
			children = (
				587EEAE42934319E00064FAA /* Module */,
				585BCC8B2933E82F00C70007 /* Coordinator */,
				585BCC762933992600C70007 /* Root */,
				5866CBF92930EBE8001785BE /* Preview Content */,
				58860048293389B100354AD8 /* Resources */,
			);
			path = Presentation;
			sourceTree = "<group>";
		};
		588600462933899500354AD8 /* UseCase Layer */ = {
			isa = PBXGroup;
			children = (
				5805FF9C29354C0A00E85A01 /* Setting */,
			);
			path = "UseCase Layer";
			sourceTree = "<group>";
		};
		58860047293389A200354AD8 /* Entity Layer */ = {
			isa = PBXGroup;
			children = (
			);
			path = "Entity Layer";
			sourceTree = "<group>";
		};
		58860048293389B100354AD8 /* Resources */ = {
			isa = PBXGroup;
			children = (
				5866CBF72930EBE8001785BE /* Assets.xcassets */,
			);
			path = Resources;
			sourceTree = "<group>";
		};
		588A733229350AA100707BDD /* Components */ = {
			isa = PBXGroup;
			children = (
				588A733329350AC900707BDD /* CityWeatherRow.swift */,
				588A7335293536EF00707BDD /* CityWeatherRowViewModel.swift */,
			);
			path = Components;
			sourceTree = "<group>";
		};
		588A73372935423000707BDD /* Search */ = {
			isa = PBXGroup;
			children = (
				588A73382935423E00707BDD /* Component */,
			);
			path = Search;
			sourceTree = "<group>";
		};
		588A73382935423E00707BDD /* Component */ = {
			isa = PBXGroup;
			children = (
				588A73392935424B00707BDD /* SearchBar.swift */,
			);
			path = Component;
			sourceTree = "<group>";
		};
		588A733B2935450300707BDD /* Setting */ = {
			isa = PBXGroup;
			children = (
				588A733C29354B0900707BDD /* SettingView.swift */,
				588A733E29354B1B00707BDD /* SettingViewModel.swift */,
			);
			path = Setting;
			sourceTree = "<group>";
		};
/* End PBXGroup section */

/* Begin PBXNativeTarget section */
		5866CBEF2930EBE6001785BE /* Varesh */ = {
			isa = PBXNativeTarget;
			buildConfigurationList = 5866CC142930EBE8001785BE /* Build configuration list for PBXNativeTarget "Varesh" */;
			buildPhases = (
				5866CBEC2930EBE6001785BE /* Sources */,
				5866CBED2930EBE6001785BE /* Frameworks */,
				5866CBEE2930EBE6001785BE /* Resources */,
				585BCC7929339F1D00C70007 /* Swift Lint */,
			);
			buildRules = (
			);
			dependencies = (
			);
			name = Varesh;
			packageProductDependencies = (
				5886004B29338B2300354AD8 /* KWeatherService */,
				585BCC6C2933958700C70007 /* NetShears */,
				585BCC892933E4CF00C70007 /* Stinsen */,
				588A733029350A9500707BDD /* KDesignSystem */,
			);
			productName = Varesh;
			productReference = 5866CBF02930EBE6001785BE /* Varesh.app */;
			productType = "com.apple.product-type.application";
		};
		5866CBFF2930EBE8001785BE /* VareshTests */ = {
			isa = PBXNativeTarget;
			buildConfigurationList = 5866CC172930EBE8001785BE /* Build configuration list for PBXNativeTarget "VareshTests" */;
			buildPhases = (
				5866CBFC2930EBE8001785BE /* Sources */,
				5866CBFD2930EBE8001785BE /* Frameworks */,
				5866CBFE2930EBE8001785BE /* Resources */,
			);
			buildRules = (
			);
			dependencies = (
				5866CC022930EBE8001785BE /* PBXTargetDependency */,
			);
			name = VareshTests;
			packageProductDependencies = (
				5886004E29338B5200354AD8 /* KCTestUtil */,
			);
			productName = VareshTests;
			productReference = 5866CC002930EBE8001785BE /* VareshTests.xctest */;
			productType = "com.apple.product-type.bundle.unit-test";
		};
		5866CC092930EBE8001785BE /* VareshUITests */ = {
			isa = PBXNativeTarget;
			buildConfigurationList = 5866CC1A2930EBE8001785BE /* Build configuration list for PBXNativeTarget "VareshUITests" */;
			buildPhases = (
				5866CC062930EBE8001785BE /* Sources */,
				5866CC072930EBE8001785BE /* Frameworks */,
				5866CC082930EBE8001785BE /* Resources */,
			);
			buildRules = (
			);
			dependencies = (
				5866CC0C2930EBE8001785BE /* PBXTargetDependency */,
			);
			name = VareshUITests;
			productName = VareshUITests;
			productReference = 5866CC0A2930EBE8001785BE /* VareshUITests.xctest */;
			productType = "com.apple.product-type.bundle.ui-testing";
		};
/* End PBXNativeTarget section */

/* Begin PBXProject section */
		5866CBE82930EBE6001785BE /* Project object */ = {
			isa = PBXProject;
			attributes = {
				BuildIndependentTargetsInParallel = 1;
				LastSwiftUpdateCheck = 1330;
				LastUpgradeCheck = 1330;
				TargetAttributes = {
					5866CBEF2930EBE6001785BE = {
						CreatedOnToolsVersion = 13.3.1;
					};
					5866CBFF2930EBE8001785BE = {
						CreatedOnToolsVersion = 13.3.1;
						TestTargetID = 5866CBEF2930EBE6001785BE;
					};
					5866CC092930EBE8001785BE = {
						CreatedOnToolsVersion = 13.3.1;
						TestTargetID = 5866CBEF2930EBE6001785BE;
					};
				};
			};
			buildConfigurationList = 5866CBEB2930EBE6001785BE /* Build configuration list for PBXProject "Varesh" */;
			compatibilityVersion = "Xcode 13.0";
			developmentRegion = en;
			hasScannedForEncodings = 0;
			knownRegions = (
				en,
				Base,
			);
			mainGroup = 5866CBE72930EBE6001785BE;
			packageReferences = (
				5886004A29338B2300354AD8 /* XCRemoteSwiftPackageReference "KWeatherService" */,
				5886004D29338B5200354AD8 /* XCRemoteSwiftPackageReference "KCTestUtil" */,
				585BCC6B2933958700C70007 /* XCRemoteSwiftPackageReference "NetShears" */,
				585BCC882933E4CF00C70007 /* XCRemoteSwiftPackageReference "stinsen" */,
				588A732F29350A9500707BDD /* XCRemoteSwiftPackageReference "KDesignSystem" */,
			);
			productRefGroup = 5866CBF12930EBE6001785BE /* Products */;
			projectDirPath = "";
			projectRoot = "";
			targets = (
				5866CBEF2930EBE6001785BE /* Varesh */,
				5866CBFF2930EBE8001785BE /* VareshTests */,
				5866CC092930EBE8001785BE /* VareshUITests */,
			);
		};
/* End PBXProject section */

/* Begin PBXResourcesBuildPhase section */
		5866CBEE2930EBE6001785BE /* Resources */ = {
			isa = PBXResourcesBuildPhase;
			buildActionMask = 2147483647;
			files = (
				5866CBFB2930EBE8001785BE /* Preview Assets.xcassets in Resources */,
				5866CBF82930EBE8001785BE /* Assets.xcassets in Resources */,
			);
			runOnlyForDeploymentPostprocessing = 0;
		};
		5866CBFE2930EBE8001785BE /* Resources */ = {
			isa = PBXResourcesBuildPhase;
			buildActionMask = 2147483647;
			files = (
			);
			runOnlyForDeploymentPostprocessing = 0;
		};
		5866CC082930EBE8001785BE /* Resources */ = {
			isa = PBXResourcesBuildPhase;
			buildActionMask = 2147483647;
			files = (
			);
			runOnlyForDeploymentPostprocessing = 0;
		};
/* End PBXResourcesBuildPhase section */

/* Begin PBXShellScriptBuildPhase section */
		585BCC7929339F1D00C70007 /* Swift Lint */ = {
			isa = PBXShellScriptBuildPhase;
			buildActionMask = 2147483647;
			files = (
			);
			inputFileListPaths = (
			);
			inputPaths = (
			);
			name = "Swift Lint";
			outputFileListPaths = (
			);
			outputPaths = (
			);
			runOnlyForDeploymentPostprocessing = 0;
			shellPath = /bin/sh;
			shellScript = "# Type a script or drag a script file from your workspace to insert its path.\nexport PATH=\"$PATH:/opt/homebrew/bin\"\nif which swiftlint > /dev/null; then\n  swiftlint\n  swiftlint autocorrect\nelse\n  echo \"warning: SwiftLint not installed, download from https://github.com/realm/SwiftLint\"\nfi\n";
		};
/* End PBXShellScriptBuildPhase section */

/* Begin PBXSourcesBuildPhase section */
		5866CBEC2930EBE6001785BE /* Sources */ = {
			isa = PBXSourcesBuildPhase;
			buildActionMask = 2147483647;
			files = (
				5805FFA629354C9900E85A01 /* BundleInfo.swift in Sources */,
				587EEAE7293431B200064FAA /* HomeView.swift in Sources */,
				585BCC7829339A6400C70007 /* Convertable.swift in Sources */,
				587EEAE9293431BD00064FAA /* HomeViewModel.swift in Sources */,
				5805FFA8293554EF00E85A01 /* AppCoordinatorInterface.swift in Sources */,
				588A733F29354B1B00707BDD /* SettingViewModel.swift in Sources */,
				585BCC7D2933DE0B00C70007 /* Interactor.swift in Sources */,
				588A7336293536EF00707BDD /* CityWeatherRowViewModel.swift in Sources */,
				588A733429350ACA00707BDD /* CityWeatherRow.swift in Sources */,
				585BCC8E2933E8A400C70007 /* AppCoordinator.swift in Sources */,
				585BCC812933DE2100C70007 /* ViewProtocol.swift in Sources */,
				585BCC7F2933DE1500C70007 /* ViewModel.swift in Sources */,
				5805FFA429354C7E00E85A01 /* AppSetting.swift in Sources */,
				588A733D29354B0900707BDD /* SettingView.swift in Sources */,
				588A733A2935424B00707BDD /* SearchBar.swift in Sources */,
				58F1EC172935684D0049B182 /* HomePageCoordinator.swift in Sources */,
				5805FFA129354C4F00E85A01 /* Theme.swift in Sources */,
				5805FF9E29354C2B00E85A01 /* SettingUseCase.swift in Sources */,
				5866CBF42930EBE6001785BE /* VareshApp.swift in Sources */,
			);
			runOnlyForDeploymentPostprocessing = 0;
		};
		5866CBFC2930EBE8001785BE /* Sources */ = {
			isa = PBXSourcesBuildPhase;
			buildActionMask = 2147483647;
			files = (
				5866CC052930EBE8001785BE /* VareshTests.swift in Sources */,
			);
			runOnlyForDeploymentPostprocessing = 0;
		};
		5866CC062930EBE8001785BE /* Sources */ = {
			isa = PBXSourcesBuildPhase;
			buildActionMask = 2147483647;
			files = (
				5866CC0F2930EBE8001785BE /* VareshUITests.swift in Sources */,
				5866CC112930EBE8001785BE /* VareshUITestsLaunchTests.swift in Sources */,
			);
			runOnlyForDeploymentPostprocessing = 0;
		};
/* End PBXSourcesBuildPhase section */

/* Begin PBXTargetDependency section */
		5866CC022930EBE8001785BE /* PBXTargetDependency */ = {
			isa = PBXTargetDependency;
			target = 5866CBEF2930EBE6001785BE /* Varesh */;
			targetProxy = 5866CC012930EBE8001785BE /* PBXContainerItemProxy */;
		};
		5866CC0C2930EBE8001785BE /* PBXTargetDependency */ = {
			isa = PBXTargetDependency;
			target = 5866CBEF2930EBE6001785BE /* Varesh */;
			targetProxy = 5866CC0B2930EBE8001785BE /* PBXContainerItemProxy */;
		};
/* End PBXTargetDependency section */

/* Begin XCBuildConfiguration section */
		5866CC122930EBE8001785BE /* Debug */ = {
			isa = XCBuildConfiguration;
			buildSettings = {
				ALWAYS_SEARCH_USER_PATHS = NO;
				CLANG_ANALYZER_NONNULL = YES;
				CLANG_ANALYZER_NUMBER_OBJECT_CONVERSION = YES_AGGRESSIVE;
				CLANG_CXX_LANGUAGE_STANDARD = "gnu++17";
				CLANG_ENABLE_MODULES = YES;
				CLANG_ENABLE_OBJC_ARC = YES;
				CLANG_ENABLE_OBJC_WEAK = YES;
				CLANG_WARN_BLOCK_CAPTURE_AUTORELEASING = YES;
				CLANG_WARN_BOOL_CONVERSION = YES;
				CLANG_WARN_COMMA = YES;
				CLANG_WARN_CONSTANT_CONVERSION = YES;
				CLANG_WARN_DEPRECATED_OBJC_IMPLEMENTATIONS = YES;
				CLANG_WARN_DIRECT_OBJC_ISA_USAGE = YES_ERROR;
				CLANG_WARN_DOCUMENTATION_COMMENTS = YES;
				CLANG_WARN_EMPTY_BODY = YES;
				CLANG_WARN_ENUM_CONVERSION = YES;
				CLANG_WARN_INFINITE_RECURSION = YES;
				CLANG_WARN_INT_CONVERSION = YES;
				CLANG_WARN_NON_LITERAL_NULL_CONVERSION = YES;
				CLANG_WARN_OBJC_IMPLICIT_RETAIN_SELF = YES;
				CLANG_WARN_OBJC_LITERAL_CONVERSION = YES;
				CLANG_WARN_OBJC_ROOT_CLASS = YES_ERROR;
				CLANG_WARN_QUOTED_INCLUDE_IN_FRAMEWORK_HEADER = YES;
				CLANG_WARN_RANGE_LOOP_ANALYSIS = YES;
				CLANG_WARN_STRICT_PROTOTYPES = YES;
				CLANG_WARN_SUSPICIOUS_MOVE = YES;
				CLANG_WARN_UNGUARDED_AVAILABILITY = YES_AGGRESSIVE;
				CLANG_WARN_UNREACHABLE_CODE = YES;
				CLANG_WARN__DUPLICATE_METHOD_MATCH = YES;
				COPY_PHASE_STRIP = NO;
				DEBUG_INFORMATION_FORMAT = dwarf;
				ENABLE_STRICT_OBJC_MSGSEND = YES;
				ENABLE_TESTABILITY = YES;
				GCC_C_LANGUAGE_STANDARD = gnu11;
				GCC_DYNAMIC_NO_PIC = NO;
				GCC_NO_COMMON_BLOCKS = YES;
				GCC_OPTIMIZATION_LEVEL = 0;
				GCC_PREPROCESSOR_DEFINITIONS = (
					"DEBUG=1",
					"$(inherited)",
				);
				GCC_WARN_64_TO_32_BIT_CONVERSION = YES;
				GCC_WARN_ABOUT_RETURN_TYPE = YES_ERROR;
				GCC_WARN_UNDECLARED_SELECTOR = YES;
				GCC_WARN_UNINITIALIZED_AUTOS = YES_AGGRESSIVE;
				GCC_WARN_UNUSED_FUNCTION = YES;
				GCC_WARN_UNUSED_VARIABLE = YES;
				IPHONEOS_DEPLOYMENT_TARGET = 15.4;
				MTL_ENABLE_DEBUG_INFO = INCLUDE_SOURCE;
				MTL_FAST_MATH = YES;
				ONLY_ACTIVE_ARCH = YES;
				SDKROOT = iphoneos;
				SWIFT_ACTIVE_COMPILATION_CONDITIONS = DEBUG;
				SWIFT_OPTIMIZATION_LEVEL = "-Onone";
			};
			name = Debug;
		};
		5866CC132930EBE8001785BE /* Release */ = {
			isa = XCBuildConfiguration;
			buildSettings = {
				ALWAYS_SEARCH_USER_PATHS = NO;
				CLANG_ANALYZER_NONNULL = YES;
				CLANG_ANALYZER_NUMBER_OBJECT_CONVERSION = YES_AGGRESSIVE;
				CLANG_CXX_LANGUAGE_STANDARD = "gnu++17";
				CLANG_ENABLE_MODULES = YES;
				CLANG_ENABLE_OBJC_ARC = YES;
				CLANG_ENABLE_OBJC_WEAK = YES;
				CLANG_WARN_BLOCK_CAPTURE_AUTORELEASING = YES;
				CLANG_WARN_BOOL_CONVERSION = YES;
				CLANG_WARN_COMMA = YES;
				CLANG_WARN_CONSTANT_CONVERSION = YES;
				CLANG_WARN_DEPRECATED_OBJC_IMPLEMENTATIONS = YES;
				CLANG_WARN_DIRECT_OBJC_ISA_USAGE = YES_ERROR;
				CLANG_WARN_DOCUMENTATION_COMMENTS = YES;
				CLANG_WARN_EMPTY_BODY = YES;
				CLANG_WARN_ENUM_CONVERSION = YES;
				CLANG_WARN_INFINITE_RECURSION = YES;
				CLANG_WARN_INT_CONVERSION = YES;
				CLANG_WARN_NON_LITERAL_NULL_CONVERSION = YES;
				CLANG_WARN_OBJC_IMPLICIT_RETAIN_SELF = YES;
				CLANG_WARN_OBJC_LITERAL_CONVERSION = YES;
				CLANG_WARN_OBJC_ROOT_CLASS = YES_ERROR;
				CLANG_WARN_QUOTED_INCLUDE_IN_FRAMEWORK_HEADER = YES;
				CLANG_WARN_RANGE_LOOP_ANALYSIS = YES;
				CLANG_WARN_STRICT_PROTOTYPES = YES;
				CLANG_WARN_SUSPICIOUS_MOVE = YES;
				CLANG_WARN_UNGUARDED_AVAILABILITY = YES_AGGRESSIVE;
				CLANG_WARN_UNREACHABLE_CODE = YES;
				CLANG_WARN__DUPLICATE_METHOD_MATCH = YES;
				COPY_PHASE_STRIP = NO;
				DEBUG_INFORMATION_FORMAT = "dwarf-with-dsym";
				ENABLE_NS_ASSERTIONS = NO;
				ENABLE_STRICT_OBJC_MSGSEND = YES;
				GCC_C_LANGUAGE_STANDARD = gnu11;
				GCC_NO_COMMON_BLOCKS = YES;
				GCC_WARN_64_TO_32_BIT_CONVERSION = YES;
				GCC_WARN_ABOUT_RETURN_TYPE = YES_ERROR;
				GCC_WARN_UNDECLARED_SELECTOR = YES;
				GCC_WARN_UNINITIALIZED_AUTOS = YES_AGGRESSIVE;
				GCC_WARN_UNUSED_FUNCTION = YES;
				GCC_WARN_UNUSED_VARIABLE = YES;
				IPHONEOS_DEPLOYMENT_TARGET = 15.4;
				MTL_ENABLE_DEBUG_INFO = NO;
				MTL_FAST_MATH = YES;
				SDKROOT = iphoneos;
				SWIFT_COMPILATION_MODE = wholemodule;
				SWIFT_OPTIMIZATION_LEVEL = "-O";
				VALIDATE_PRODUCT = YES;
			};
			name = Release;
		};
		5866CC152930EBE8001785BE /* Debug */ = {
			isa = XCBuildConfiguration;
			buildSettings = {
				ASSETCATALOG_COMPILER_APPICON_NAME = AppIcon;
				ASSETCATALOG_COMPILER_GLOBAL_ACCENT_COLOR_NAME = AccentColor;
				CODE_SIGN_STYLE = Automatic;
				CURRENT_PROJECT_VERSION = 1;
				DEVELOPMENT_ASSET_PATHS = "\"Varesh/Presentation/Preview Content\"";
				DEVELOPMENT_TEAM = 49RBVVJDVP;
				ENABLE_PREVIEWS = YES;
				GENERATE_INFOPLIST_FILE = YES;
				INFOPLIST_FILE = Varesh/Info.plist;
				INFOPLIST_KEY_NSLocationWhenInUseUsageDescription = "to fetch your current location to update weather info.";
				INFOPLIST_KEY_UIApplicationSceneManifest_Generation = YES;
				INFOPLIST_KEY_UIApplicationSupportsIndirectInputEvents = YES;
				INFOPLIST_KEY_UILaunchScreen_Generation = YES;
				INFOPLIST_KEY_UISupportedInterfaceOrientations_iPad = "UIInterfaceOrientationPortrait UIInterfaceOrientationPortraitUpsideDown UIInterfaceOrientationLandscapeLeft UIInterfaceOrientationLandscapeRight";
				INFOPLIST_KEY_UISupportedInterfaceOrientations_iPhone = "UIInterfaceOrientationPortrait UIInterfaceOrientationLandscapeLeft UIInterfaceOrientationLandscapeRight";
				IPHONEOS_DEPLOYMENT_TARGET = 14.0;
				LD_RUNPATH_SEARCH_PATHS = (
					"$(inherited)",
					"@executable_path/Frameworks",
				);
				MARKETING_VERSION = 1.0;
				PRODUCT_BUNDLE_IDENTIFIER = com.rayatnia.Varesh;
				PRODUCT_NAME = "$(TARGET_NAME)";
				SWIFT_EMIT_LOC_STRINGS = YES;
				SWIFT_VERSION = 5.0;
				TARGETED_DEVICE_FAMILY = "1,2";
			};
			name = Debug;
		};
		5866CC162930EBE8001785BE /* Release */ = {
			isa = XCBuildConfiguration;
			buildSettings = {
				ASSETCATALOG_COMPILER_APPICON_NAME = AppIcon;
				ASSETCATALOG_COMPILER_GLOBAL_ACCENT_COLOR_NAME = AccentColor;
				CODE_SIGN_STYLE = Automatic;
				CURRENT_PROJECT_VERSION = 1;
				DEVELOPMENT_ASSET_PATHS = "\"Varesh/Presentation/Preview Content\"";
				DEVELOPMENT_TEAM = 49RBVVJDVP;
				ENABLE_PREVIEWS = YES;
				GENERATE_INFOPLIST_FILE = YES;
				INFOPLIST_FILE = Varesh/Info.plist;
				INFOPLIST_KEY_NSLocationWhenInUseUsageDescription = "to fetch your current location to update weather info.";
				INFOPLIST_KEY_UIApplicationSceneManifest_Generation = YES;
				INFOPLIST_KEY_UIApplicationSupportsIndirectInputEvents = YES;
				INFOPLIST_KEY_UILaunchScreen_Generation = YES;
				INFOPLIST_KEY_UISupportedInterfaceOrientations_iPad = "UIInterfaceOrientationPortrait UIInterfaceOrientationPortraitUpsideDown UIInterfaceOrientationLandscapeLeft UIInterfaceOrientationLandscapeRight";
				INFOPLIST_KEY_UISupportedInterfaceOrientations_iPhone = "UIInterfaceOrientationPortrait UIInterfaceOrientationLandscapeLeft UIInterfaceOrientationLandscapeRight";
				IPHONEOS_DEPLOYMENT_TARGET = 14.0;
				LD_RUNPATH_SEARCH_PATHS = (
					"$(inherited)",
					"@executable_path/Frameworks",
				);
				MARKETING_VERSION = 1.0;
				PRODUCT_BUNDLE_IDENTIFIER = com.rayatnia.Varesh;
				PRODUCT_NAME = "$(TARGET_NAME)";
				SWIFT_EMIT_LOC_STRINGS = YES;
				SWIFT_VERSION = 5.0;
				TARGETED_DEVICE_FAMILY = "1,2";
			};
			name = Release;
		};
		5866CC182930EBE8001785BE /* Debug */ = {
			isa = XCBuildConfiguration;
			buildSettings = {
				ALWAYS_EMBED_SWIFT_STANDARD_LIBRARIES = YES;
				BUNDLE_LOADER = "$(TEST_HOST)";
				CODE_SIGN_STYLE = Automatic;
				CURRENT_PROJECT_VERSION = 1;
				DEVELOPMENT_TEAM = 49RBVVJDVP;
				GENERATE_INFOPLIST_FILE = YES;
				IPHONEOS_DEPLOYMENT_TARGET = 15.4;
				MARKETING_VERSION = 1.0;
				PRODUCT_BUNDLE_IDENTIFIER = com.rayatnia.VareshTests;
				PRODUCT_NAME = "$(TARGET_NAME)";
				SWIFT_EMIT_LOC_STRINGS = NO;
				SWIFT_VERSION = 5.0;
				TARGETED_DEVICE_FAMILY = "1,2";
				TEST_HOST = "$(BUILT_PRODUCTS_DIR)/Varesh.app/Varesh";
			};
			name = Debug;
		};
		5866CC192930EBE8001785BE /* Release */ = {
			isa = XCBuildConfiguration;
			buildSettings = {
				ALWAYS_EMBED_SWIFT_STANDARD_LIBRARIES = YES;
				BUNDLE_LOADER = "$(TEST_HOST)";
				CODE_SIGN_STYLE = Automatic;
				CURRENT_PROJECT_VERSION = 1;
				DEVELOPMENT_TEAM = 49RBVVJDVP;
				GENERATE_INFOPLIST_FILE = YES;
				IPHONEOS_DEPLOYMENT_TARGET = 15.4;
				MARKETING_VERSION = 1.0;
				PRODUCT_BUNDLE_IDENTIFIER = com.rayatnia.VareshTests;
				PRODUCT_NAME = "$(TARGET_NAME)";
				SWIFT_EMIT_LOC_STRINGS = NO;
				SWIFT_VERSION = 5.0;
				TARGETED_DEVICE_FAMILY = "1,2";
				TEST_HOST = "$(BUILT_PRODUCTS_DIR)/Varesh.app/Varesh";
			};
			name = Release;
		};
		5866CC1B2930EBE8001785BE /* Debug */ = {
			isa = XCBuildConfiguration;
			buildSettings = {
				ALWAYS_EMBED_SWIFT_STANDARD_LIBRARIES = YES;
				CODE_SIGN_STYLE = Automatic;
				CURRENT_PROJECT_VERSION = 1;
				DEVELOPMENT_TEAM = 49RBVVJDVP;
				GENERATE_INFOPLIST_FILE = YES;
				MARKETING_VERSION = 1.0;
				PRODUCT_BUNDLE_IDENTIFIER = com.rayatnia.VareshUITests;
				PRODUCT_NAME = "$(TARGET_NAME)";
				SWIFT_EMIT_LOC_STRINGS = NO;
				SWIFT_VERSION = 5.0;
				TARGETED_DEVICE_FAMILY = "1,2";
				TEST_TARGET_NAME = Varesh;
			};
			name = Debug;
		};
		5866CC1C2930EBE8001785BE /* Release */ = {
			isa = XCBuildConfiguration;
			buildSettings = {
				ALWAYS_EMBED_SWIFT_STANDARD_LIBRARIES = YES;
				CODE_SIGN_STYLE = Automatic;
				CURRENT_PROJECT_VERSION = 1;
				DEVELOPMENT_TEAM = 49RBVVJDVP;
				GENERATE_INFOPLIST_FILE = YES;
				MARKETING_VERSION = 1.0;
				PRODUCT_BUNDLE_IDENTIFIER = com.rayatnia.VareshUITests;
				PRODUCT_NAME = "$(TARGET_NAME)";
				SWIFT_EMIT_LOC_STRINGS = NO;
				SWIFT_VERSION = 5.0;
				TARGETED_DEVICE_FAMILY = "1,2";
				TEST_TARGET_NAME = Varesh;
			};
			name = Release;
		};
/* End XCBuildConfiguration section */

/* Begin XCConfigurationList section */
		5866CBEB2930EBE6001785BE /* Build configuration list for PBXProject "Varesh" */ = {
			isa = XCConfigurationList;
			buildConfigurations = (
				5866CC122930EBE8001785BE /* Debug */,
				5866CC132930EBE8001785BE /* Release */,
			);
			defaultConfigurationIsVisible = 0;
			defaultConfigurationName = Release;
		};
		5866CC142930EBE8001785BE /* Build configuration list for PBXNativeTarget "Varesh" */ = {
			isa = XCConfigurationList;
			buildConfigurations = (
				5866CC152930EBE8001785BE /* Debug */,
				5866CC162930EBE8001785BE /* Release */,
			);
			defaultConfigurationIsVisible = 0;
			defaultConfigurationName = Release;
		};
		5866CC172930EBE8001785BE /* Build configuration list for PBXNativeTarget "VareshTests" */ = {
			isa = XCConfigurationList;
			buildConfigurations = (
				5866CC182930EBE8001785BE /* Debug */,
				5866CC192930EBE8001785BE /* Release */,
			);
			defaultConfigurationIsVisible = 0;
			defaultConfigurationName = Release;
		};
		5866CC1A2930EBE8001785BE /* Build configuration list for PBXNativeTarget "VareshUITests" */ = {
			isa = XCConfigurationList;
			buildConfigurations = (
				5866CC1B2930EBE8001785BE /* Debug */,
				5866CC1C2930EBE8001785BE /* Release */,
			);
			defaultConfigurationIsVisible = 0;
			defaultConfigurationName = Release;
		};
/* End XCConfigurationList section */

/* Begin XCRemoteSwiftPackageReference section */
		585BCC6B2933958700C70007 /* XCRemoteSwiftPackageReference "NetShears" */ = {
			isa = XCRemoteSwiftPackageReference;
			repositoryURL = "https://github.com/divar-ir/NetShears.git";
			requirement = {
				kind = upToNextMajorVersion;
				minimumVersion = 3.0.0;
			};
		};
		585BCC882933E4CF00C70007 /* XCRemoteSwiftPackageReference "stinsen" */ = {
			isa = XCRemoteSwiftPackageReference;
			repositoryURL = "https://github.com/rundfunk47/stinsen.git";
			requirement = {
				kind = upToNextMajorVersion;
				minimumVersion = 2.0.0;
			};
		};
		5886004A29338B2300354AD8 /* XCRemoteSwiftPackageReference "KWeatherService" */ = {
			isa = XCRemoteSwiftPackageReference;
			repositoryURL = "https://github.com/hrayatnia/KWeatherService";
			requirement = {
				kind = upToNextMajorVersion;
				minimumVersion = 1.0.1;
			};
		};
		5886004D29338B5200354AD8 /* XCRemoteSwiftPackageReference "KCTestUtil" */ = {
			isa = XCRemoteSwiftPackageReference;
			repositoryURL = "https://github.com/hrayatnia/KCTestUtil";
			requirement = {
				kind = upToNextMajorVersion;
				minimumVersion = 1.0.0;
			};
		};
		588A732F29350A9500707BDD /* XCRemoteSwiftPackageReference "KDesignSystem" */ = {
			isa = XCRemoteSwiftPackageReference;
			repositoryURL = "https://github.com/hrayatnia/KDesignSystem";
			requirement = {
				kind = upToNextMajorVersion;
				minimumVersion = 0.0.1;
			};
		};
/* End XCRemoteSwiftPackageReference section */

/* Begin XCSwiftPackageProductDependency section */
		585BCC6C2933958700C70007 /* NetShears */ = {
			isa = XCSwiftPackageProductDependency;
			package = 585BCC6B2933958700C70007 /* XCRemoteSwiftPackageReference "NetShears" */;
			productName = NetShears;
		};
		585BCC892933E4CF00C70007 /* Stinsen */ = {
			isa = XCSwiftPackageProductDependency;
			package = 585BCC882933E4CF00C70007 /* XCRemoteSwiftPackageReference "stinsen" */;
			productName = Stinsen;
		};
		5886004B29338B2300354AD8 /* KWeatherService */ = {
			isa = XCSwiftPackageProductDependency;
			package = 5886004A29338B2300354AD8 /* XCRemoteSwiftPackageReference "KWeatherService" */;
			productName = KWeatherService;
		};
		5886004E29338B5200354AD8 /* KCTestUtil */ = {
			isa = XCSwiftPackageProductDependency;
			package = 5886004D29338B5200354AD8 /* XCRemoteSwiftPackageReference "KCTestUtil" */;
			productName = KCTestUtil;
		};
		588A733029350A9500707BDD /* KDesignSystem */ = {
			isa = XCSwiftPackageProductDependency;
			package = 588A732F29350A9500707BDD /* XCRemoteSwiftPackageReference "KDesignSystem" */;
			productName = KDesignSystem;
		};
/* End XCSwiftPackageProductDependency section */
	};
	rootObject = 5866CBE82930EBE6001785BE /* Project object */;
}
